
Microsoft Visual Studio Solution File, Format Version 12.00
# Visual Studio 15
VisualStudioVersion = 15.0.28307.329
MinimumVisualStudioVersion = 10.0.40219.1
Project("{8BC9CEB8-8B4A-11D0-8D11-00A0C91BC942}") = "RandomSymmetry", "RandomSymmetry\RandomSymmetry.vcxproj", "{BE07C38D-5F1C-4100-9567-C35DE3321F15}"
EndProject
Global
	GlobalSection(SolutionConfigurationPlatforms) = preSolution
		Debug|x64 = Debug|x64
		Debug|x86 = Debug|x86
		Release|x64 = Release|x64
		Release|x86 = Release|x86
	EndGlobalSection
	GlobalSection(ProjectConfigurationPlatforms) = postSolution
		{BE07C38D-5F1C-4100-9567-C35DE3321F15}.Debug|x64.ActiveCfg = Debug|x64
		{BE07C38D-5F1C-4100-9567-C35DE3321F15}.Debug|x64.Build.0 = Debug|x64
		{BE07C38D-5F1C-4100-9567-C35DE3321F15}.Debug|x86.ActiveCfg = Debug|Win32
		{BE07C38D-5F1C-4100-9567-C35DE3321F15}.Debug|x86.Build.0 = Debug|Win32
		{BE07C38D-5F1C-4100-9567-C35DE3321F15}.Release|x64.ActiveCfg = Release|x64
		{BE07C38D-5F1C-4100-9567-C35DE3321F15}.Release|x64.Build.0 = Release|x64
		{BE07C38D-5F1C-4100-9567-C35DE3321F15}.Release|x86.ActiveCfg = Release|Win32
		{BE07C38D-5F1C-4100-9567-C35DE3321F15}.Release|x86.Build.0 = Release|Win32
	EndGlobalSection
	GlobalSection(SolutionProperties) = preSolution
		HideSolutionNode = FALSE
	EndGlobalSection
	GlobalSection(ExtensibilityGlobals) = postSolution
		SolutionGuid = {1725FF4F-08CB-46DA-B4C1-A22CDCB4D873}
	EndGlobalSection
EndGlobal
